
Microsoft Visual Studio Solution File, Format Version 12.00
# Visual Studio Version 16
VisualStudioVersion = 16.0.29409.12
MinimumVisualStudioVersion = 10.0.40219.1
Project("{2150E333-8FDC-42A3-9474-1A3956D46DE8}") = "Mobile", "Mobile", "{C3A384D5-5AB9-4724-ADF2-A0C405724BEB}"
EndProject
Project("{9A19103F-16F7-4668-BE54-9A1E7A4F7556}") = "eRent.Model", "eRent.Model\eRent.Model.csproj", "{EE0B8757-D3D5-4B78-9E88-91C7FFEA15B6}"
EndProject
Project("{9A19103F-16F7-4668-BE54-9A1E7A4F7556}") = "eRent", "eRent\eRent.csproj", "{DDB04E58-237E-4E13-94B9-E7A5BAA2AF2D}"
EndProject
Project("{FAE04EC0-301F-11D3-BF4B-00C04F79EFBC}") = "eRent.WinUI", "eRent.WinUI\eRent.WinUI.csproj", "{DE3D9EB9-B92D-4EBA-93DD-720F5E2BB811}"
EndProject
Project("{9A19103F-16F7-4668-BE54-9A1E7A4F7556}") = "eRent.MobileApp", "eRent.MobileApp\eRent.MobileApp\eRent.MobileApp.csproj", "{698F36E4-030D-4E00-8E46-A32EB8757A35}"
EndProject
Project("{FAE04EC0-301F-11D3-BF4B-00C04F79EFBC}") = "eRent.MobileApp.Android", "eRent.MobileApp\eRent.MobileApp.Android\eRent.MobileApp.Android.csproj", "{8B1D98FA-476F-4914-9D82-463FE9C77952}"
EndProject
Project("{FAE04EC0-301F-11D3-BF4B-00C04F79EFBC}") = "eRent.MobileApp.iOS", "eRent.MobileApp\eRent.MobileApp.iOS\eRent.MobileApp.iOS.csproj", "{112F53A3-BD1C-4EF0-8F3E-46E5075FDD78}"
EndProject
Project("{FAE04EC0-301F-11D3-BF4B-00C04F79EFBC}") = "eRent.MobileApp.UWP", "eRent.MobileApp\eRent.MobileApp.UWP\eRent.MobileApp.UWP.csproj", "{765CDA7F-B091-46FD-A12D-EBC1B71F9EAF}"
EndProject
Global
	GlobalSection(SolutionConfigurationPlatforms) = preSolution
		Debug|Any CPU = Debug|Any CPU
		Debug|ARM = Debug|ARM
		Debug|iPhone = Debug|iPhone
		Debug|iPhoneSimulator = Debug|iPhoneSimulator
		Debug|x64 = Debug|x64
		Debug|x86 = Debug|x86
		Release|Any CPU = Release|Any CPU
		Release|ARM = Release|ARM
		Release|iPhone = Release|iPhone
		Release|iPhoneSimulator = Release|iPhoneSimulator
		Release|x64 = Release|x64
		Release|x86 = Release|x86
	EndGlobalSection
	GlobalSection(ProjectConfigurationPlatforms) = postSolution
		{EE0B8757-D3D5-4B78-9E88-91C7FFEA15B6}.Debug|Any CPU.ActiveCfg = Debug|Any CPU
		{EE0B8757-D3D5-4B78-9E88-91C7FFEA15B6}.Debug|Any CPU.Build.0 = Debug|Any CPU
		{EE0B8757-D3D5-4B78-9E88-91C7FFEA15B6}.Debug|ARM.ActiveCfg = Debug|Any CPU
		{EE0B8757-D3D5-4B78-9E88-91C7FFEA15B6}.Debug|ARM.Build.0 = Debug|Any CPU
		{EE0B8757-D3D5-4B78-9E88-91C7FFEA15B6}.Debug|iPhone.ActiveCfg = Debug|Any CPU
		{EE0B8757-D3D5-4B78-9E88-91C7FFEA15B6}.Debug|iPhone.Build.0 = Debug|Any CPU
		{EE0B8757-D3D5-4B78-9E88-91C7FFEA15B6}.Debug|iPhoneSimulator.ActiveCfg = Debug|Any CPU
		{EE0B8757-D3D5-4B78-9E88-91C7FFEA15B6}.Debug|iPhoneSimulator.Build.0 = Debug|Any CPU
		{EE0B8757-D3D5-4B78-9E88-91C7FFEA15B6}.Debug|x64.ActiveCfg = Debug|Any CPU
		{EE0B8757-D3D5-4B78-9E88-91C7FFEA15B6}.Debug|x64.Build.0 = Debug|Any CPU
		{EE0B8757-D3D5-4B78-9E88-91C7FFEA15B6}.Debug|x86.ActiveCfg = Debug|Any CPU
		{EE0B8757-D3D5-4B78-9E88-91C7FFEA15B6}.Debug|x86.Build.0 = Debug|Any CPU
		{EE0B8757-D3D5-4B78-9E88-91C7FFEA15B6}.Release|Any CPU.ActiveCfg = Release|Any CPU
		{EE0B8757-D3D5-4B78-9E88-91C7FFEA15B6}.Release|Any CPU.Build.0 = Release|Any CPU
		{EE0B8757-D3D5-4B78-9E88-91C7FFEA15B6}.Release|ARM.ActiveCfg = Release|Any CPU
		{EE0B8757-D3D5-4B78-9E88-91C7FFEA15B6}.Release|ARM.Build.0 = Release|Any CPU
		{EE0B8757-D3D5-4B78-9E88-91C7FFEA15B6}.Release|iPhone.ActiveCfg = Release|Any CPU
		{EE0B8757-D3D5-4B78-9E88-91C7FFEA15B6}.Release|iPhone.Build.0 = Release|Any CPU
		{EE0B8757-D3D5-4B78-9E88-91C7FFEA15B6}.Release|iPhoneSimulator.ActiveCfg = Release|Any CPU
		{EE0B8757-D3D5-4B78-9E88-91C7FFEA15B6}.Release|iPhoneSimulator.Build.0 = Release|Any CPU
		{EE0B8757-D3D5-4B78-9E88-91C7FFEA15B6}.Release|x64.ActiveCfg = Release|Any CPU
		{EE0B8757-D3D5-4B78-9E88-91C7FFEA15B6}.Release|x64.Build.0 = Release|Any CPU
		{EE0B8757-D3D5-4B78-9E88-91C7FFEA15B6}.Release|x86.ActiveCfg = Release|Any CPU
		{EE0B8757-D3D5-4B78-9E88-91C7FFEA15B6}.Release|x86.Build.0 = Release|Any CPU
		{DDB04E58-237E-4E13-94B9-E7A5BAA2AF2D}.Debug|Any CPU.ActiveCfg = Debug|Any CPU
		{DDB04E58-237E-4E13-94B9-E7A5BAA2AF2D}.Debug|Any CPU.Build.0 = Debug|Any CPU
		{DDB04E58-237E-4E13-94B9-E7A5BAA2AF2D}.Debug|ARM.ActiveCfg = Debug|Any CPU
		{DDB04E58-237E-4E13-94B9-E7A5BAA2AF2D}.Debug|ARM.Build.0 = Debug|Any CPU
		{DDB04E58-237E-4E13-94B9-E7A5BAA2AF2D}.Debug|iPhone.ActiveCfg = Debug|Any CPU
		{DDB04E58-237E-4E13-94B9-E7A5BAA2AF2D}.Debug|iPhone.Build.0 = Debug|Any CPU
		{DDB04E58-237E-4E13-94B9-E7A5BAA2AF2D}.Debug|iPhoneSimulator.ActiveCfg = Debug|Any CPU
		{DDB04E58-237E-4E13-94B9-E7A5BAA2AF2D}.Debug|iPhoneSimulator.Build.0 = Debug|Any CPU
		{DDB04E58-237E-4E13-94B9-E7A5BAA2AF2D}.Debug|x64.ActiveCfg = Debug|Any CPU
		{DDB04E58-237E-4E13-94B9-E7A5BAA2AF2D}.Debug|x64.Build.0 = Debug|Any CPU
		{DDB04E58-237E-4E13-94B9-E7A5BAA2AF2D}.Debug|x86.ActiveCfg = Debug|Any CPU
		{DDB04E58-237E-4E13-94B9-E7A5BAA2AF2D}.Debug|x86.Build.0 = Debug|Any CPU
		{DDB04E58-237E-4E13-94B9-E7A5BAA2AF2D}.Release|Any CPU.ActiveCfg = Release|Any CPU
		{DDB04E58-237E-4E13-94B9-E7A5BAA2AF2D}.Release|Any CPU.Build.0 = Release|Any CPU
		{DDB04E58-237E-4E13-94B9-E7A5BAA2AF2D}.Release|ARM.ActiveCfg = Release|Any CPU
		{DDB04E58-237E-4E13-94B9-E7A5BAA2AF2D}.Release|ARM.Build.0 = Release|Any CPU
		{DDB04E58-237E-4E13-94B9-E7A5BAA2AF2D}.Release|iPhone.ActiveCfg = Release|Any CPU
		{DDB04E58-237E-4E13-94B9-E7A5BAA2AF2D}.Release|iPhone.Build.0 = Release|Any CPU
		{DDB04E58-237E-4E13-94B9-E7A5BAA2AF2D}.Release|iPhoneSimulator.ActiveCfg = Release|Any CPU
		{DDB04E58-237E-4E13-94B9-E7A5BAA2AF2D}.Release|iPhoneSimulator.Build.0 = Release|Any CPU
		{DDB04E58-237E-4E13-94B9-E7A5BAA2AF2D}.Release|x64.ActiveCfg = Release|Any CPU
		{DDB04E58-237E-4E13-94B9-E7A5BAA2AF2D}.Release|x64.Build.0 = Release|Any CPU
		{DDB04E58-237E-4E13-94B9-E7A5BAA2AF2D}.Release|x86.ActiveCfg = Release|Any CPU
		{DDB04E58-237E-4E13-94B9-E7A5BAA2AF2D}.Release|x86.Build.0 = Release|Any CPU
		{DE3D9EB9-B92D-4EBA-93DD-720F5E2BB811}.Debug|Any CPU.ActiveCfg = Debug|Any CPU
		{DE3D9EB9-B92D-4EBA-93DD-720F5E2BB811}.Debug|Any CPU.Build.0 = Debug|Any CPU
		{DE3D9EB9-B92D-4EBA-93DD-720F5E2BB811}.Debug|ARM.ActiveCfg = Debug|Any CPU
		{DE3D9EB9-B92D-4EBA-93DD-720F5E2BB811}.Debug|ARM.Build.0 = Debug|Any CPU
		{DE3D9EB9-B92D-4EBA-93DD-720F5E2BB811}.Debug|iPhone.ActiveCfg = Debug|Any CPU
		{DE3D9EB9-B92D-4EBA-93DD-720F5E2BB811}.Debug|iPhone.Build.0 = Debug|Any CPU
		{DE3D9EB9-B92D-4EBA-93DD-720F5E2BB811}.Debug|iPhoneSimulator.ActiveCfg = Debug|Any CPU
		{DE3D9EB9-B92D-4EBA-93DD-720F5E2BB811}.Debug|iPhoneSimulator.Build.0 = Debug|Any CPU
		{DE3D9EB9-B92D-4EBA-93DD-720F5E2BB811}.Debug|x64.ActiveCfg = Debug|Any CPU
		{DE3D9EB9-B92D-4EBA-93DD-720F5E2BB811}.Debug|x64.Build.0 = Debug|Any CPU
		{DE3D9EB9-B92D-4EBA-93DD-720F5E2BB811}.Debug|x86.ActiveCfg = Debug|Any CPU
		{DE3D9EB9-B92D-4EBA-93DD-720F5E2BB811}.Debug|x86.Build.0 = Debug|Any CPU
		{DE3D9EB9-B92D-4EBA-93DD-720F5E2BB811}.Release|Any CPU.ActiveCfg = Release|Any CPU
		{DE3D9EB9-B92D-4EBA-93DD-720F5E2BB811}.Release|Any CPU.Build.0 = Release|Any CPU
		{DE3D9EB9-B92D-4EBA-93DD-720F5E2BB811}.Release|ARM.ActiveCfg = Release|Any CPU
		{DE3D9EB9-B92D-4EBA-93DD-720F5E2BB811}.Release|ARM.Build.0 = Release|Any CPU
		{DE3D9EB9-B92D-4EBA-93DD-720F5E2BB811}.Release|iPhone.ActiveCfg = Release|Any CPU
		{DE3D9EB9-B92D-4EBA-93DD-720F5E2BB811}.Release|iPhone.Build.0 = Release|Any CPU
		{DE3D9EB9-B92D-4EBA-93DD-720F5E2BB811}.Release|iPhoneSimulator.ActiveCfg = Release|Any CPU
		{DE3D9EB9-B92D-4EBA-93DD-720F5E2BB811}.Release|iPhoneSimulator.Build.0 = Release|Any CPU
		{DE3D9EB9-B92D-4EBA-93DD-720F5E2BB811}.Release|x64.ActiveCfg = Release|Any CPU
		{DE3D9EB9-B92D-4EBA-93DD-720F5E2BB811}.Release|x64.Build.0 = Release|Any CPU
		{DE3D9EB9-B92D-4EBA-93DD-720F5E2BB811}.Release|x86.ActiveCfg = Release|Any CPU
		{DE3D9EB9-B92D-4EBA-93DD-720F5E2BB811}.Release|x86.Build.0 = Release|Any CPU
		{698F36E4-030D-4E00-8E46-A32EB8757A35}.Debug|Any CPU.ActiveCfg = Debug|Any CPU
		{698F36E4-030D-4E00-8E46-A32EB8757A35}.Debug|Any CPU.Build.0 = Debug|Any CPU
		{698F36E4-030D-4E00-8E46-A32EB8757A35}.Debug|ARM.ActiveCfg = Debug|Any CPU
		{698F36E4-030D-4E00-8E46-A32EB8757A35}.Debug|ARM.Build.0 = Debug|Any CPU
		{698F36E4-030D-4E00-8E46-A32EB8757A35}.Debug|iPhone.ActiveCfg = Debug|Any CPU
		{698F36E4-030D-4E00-8E46-A32EB8757A35}.Debug|iPhone.Build.0 = Debug|Any CPU
		{698F36E4-030D-4E00-8E46-A32EB8757A35}.Debug|iPhoneSimulator.ActiveCfg = Debug|Any CPU
		{698F36E4-030D-4E00-8E46-A32EB8757A35}.Debug|iPhoneSimulator.Build.0 = Debug|Any CPU
		{698F36E4-030D-4E00-8E46-A32EB8757A35}.Debug|x64.ActiveCfg = Debug|Any CPU
		{698F36E4-030D-4E00-8E46-A32EB8757A35}.Debug|x64.Build.0 = Debug|Any CPU
		{698F36E4-030D-4E00-8E46-A32EB8757A35}.Debug|x86.ActiveCfg = Debug|Any CPU
		{698F36E4-030D-4E00-8E46-A32EB8757A35}.Debug|x86.Build.0 = Debug|Any CPU
		{698F36E4-030D-4E00-8E46-A32EB8757A35}.Release|Any CPU.ActiveCfg = Release|Any CPU
		{698F36E4-030D-4E00-8E46-A32EB8757A35}.Release|Any CPU.Build.0 = Release|Any CPU
		{698F36E4-030D-4E00-8E46-A32EB8757A35}.Release|ARM.ActiveCfg = Release|Any CPU
		{698F36E4-030D-4E00-8E46-A32EB8757A35}.Release|ARM.Build.0 = Release|Any CPU
		{698F36E4-030D-4E00-8E46-A32EB8757A35}.Release|iPhone.ActiveCfg = Release|Any CPU
		{698F36E4-030D-4E00-8E46-A32EB8757A35}.Release|iPhone.Build.0 = Release|Any CPU
		{698F36E4-030D-4E00-8E46-A32EB8757A35}.Release|iPhoneSimulator.ActiveCfg = Release|Any CPU
		{698F36E4-030D-4E00-8E46-A32EB8757A35}.Release|iPhoneSimulator.Build.0 = Release|Any CPU
		{698F36E4-030D-4E00-8E46-A32EB8757A35}.Release|x64.ActiveCfg = Release|Any CPU
		{698F36E4-030D-4E00-8E46-A32EB8757A35}.Release|x64.Build.0 = Release|Any CPU
		{698F36E4-030D-4E00-8E46-A32EB8757A35}.Release|x86.ActiveCfg = Release|Any CPU
		{698F36E4-030D-4E00-8E46-A32EB8757A35}.Release|x86.Build.0 = Release|Any CPU
		{8B1D98FA-476F-4914-9D82-463FE9C77952}.Debug|Any CPU.ActiveCfg = Debug|Any CPU
		{8B1D98FA-476F-4914-9D82-463FE9C77952}.Debug|Any CPU.Build.0 = Debug|Any CPU
		{8B1D98FA-476F-4914-9D82-463FE9C77952}.Debug|Any CPU.Deploy.0 = Debug|Any CPU
		{8B1D98FA-476F-4914-9D82-463FE9C77952}.Debug|ARM.ActiveCfg = Debug|Any CPU
		{8B1D98FA-476F-4914-9D82-463FE9C77952}.Debug|ARM.Build.0 = Debug|Any CPU
		{8B1D98FA-476F-4914-9D82-463FE9C77952}.Debug|ARM.Deploy.0 = Debug|Any CPU
		{8B1D98FA-476F-4914-9D82-463FE9C77952}.Debug|iPhone.ActiveCfg = Debug|Any CPU
		{8B1D98FA-476F-4914-9D82-463FE9C77952}.Debug|iPhone.Build.0 = Debug|Any CPU
		{8B1D98FA-476F-4914-9D82-463FE9C77952}.Debug|iPhone.Deploy.0 = Debug|Any CPU
		{8B1D98FA-476F-4914-9D82-463FE9C77952}.Debug|iPhoneSimulator.ActiveCfg = Debug|Any CPU
		{8B1D98FA-476F-4914-9D82-463FE9C77952}.Debug|iPhoneSimulator.Build.0 = Debug|Any CPU
		{8B1D98FA-476F-4914-9D82-463FE9C77952}.Debug|iPhoneSimulator.Deploy.0 = Debug|Any CPU
		{8B1D98FA-476F-4914-9D82-463FE9C77952}.Debug|x64.ActiveCfg = Debug|Any CPU
		{8B1D98FA-476F-4914-9D82-463FE9C77952}.Debug|x64.Build.0 = Debug|Any CPU
		{8B1D98FA-476F-4914-9D82-463FE9C77952}.Debug|x64.Deploy.0 = Debug|Any CPU
		{8B1D98FA-476F-4914-9D82-463FE9C77952}.Debug|x86.ActiveCfg = Debug|Any CPU
		{8B1D98FA-476F-4914-9D82-463FE9C77952}.Debug|x86.Build.0 = Debug|Any CPU
		{8B1D98FA-476F-4914-9D82-463FE9C77952}.Debug|x86.Deploy.0 = Debug|Any CPU
		{8B1D98FA-476F-4914-9D82-463FE9C77952}.Release|Any CPU.ActiveCfg = Release|Any CPU
		{8B1D98FA-476F-4914-9D82-463FE9C77952}.Release|Any CPU.Build.0 = Release|Any CPU
		{8B1D98FA-476F-4914-9D82-463FE9C77952}.Release|Any CPU.Deploy.0 = Release|Any CPU
		{8B1D98FA-476F-4914-9D82-463FE9C77952}.Release|ARM.ActiveCfg = Release|Any CPU
		{8B1D98FA-476F-4914-9D82-463FE9C77952}.Release|ARM.Build.0 = Release|Any CPU
		{8B1D98FA-476F-4914-9D82-463FE9C77952}.Release|ARM.Deploy.0 = Release|Any CPU
		{8B1D98FA-476F-4914-9D82-463FE9C77952}.Release|iPhone.ActiveCfg = Release|Any CPU
		{8B1D98FA-476F-4914-9D82-463FE9C77952}.Release|iPhone.Build.0 = Release|Any CPU
		{8B1D98FA-476F-4914-9D82-463FE9C77952}.Release|iPhone.Deploy.0 = Release|Any CPU
		{8B1D98FA-476F-4914-9D82-463FE9C77952}.Release|iPhoneSimulator.ActiveCfg = Release|Any CPU
		{8B1D98FA-476F-4914-9D82-463FE9C77952}.Release|iPhoneSimulator.Build.0 = Release|Any CPU
		{8B1D98FA-476F-4914-9D82-463FE9C77952}.Release|iPhoneSimulator.Deploy.0 = Release|Any CPU
		{8B1D98FA-476F-4914-9D82-463FE9C77952}.Release|x64.ActiveCfg = Release|Any CPU
		{8B1D98FA-476F-4914-9D82-463FE9C77952}.Release|x64.Build.0 = Release|Any CPU
		{8B1D98FA-476F-4914-9D82-463FE9C77952}.Release|x64.Deploy.0 = Release|Any CPU
		{8B1D98FA-476F-4914-9D82-463FE9C77952}.Release|x86.ActiveCfg = Release|Any CPU
		{8B1D98FA-476F-4914-9D82-463FE9C77952}.Release|x86.Build.0 = Release|Any CPU
		{8B1D98FA-476F-4914-9D82-463FE9C77952}.Release|x86.Deploy.0 = Release|Any CPU
		{112F53A3-BD1C-4EF0-8F3E-46E5075FDD78}.Debug|Any CPU.ActiveCfg = Debug|iPhoneSimulator
		{112F53A3-BD1C-4EF0-8F3E-46E5075FDD78}.Debug|ARM.ActiveCfg = Debug|iPhoneSimulator
		{112F53A3-BD1C-4EF0-8F3E-46E5075FDD78}.Debug|iPhone.ActiveCfg = Debug|iPhone
		{112F53A3-BD1C-4EF0-8F3E-46E5075FDD78}.Debug|iPhone.Build.0 = Debug|iPhone
		{112F53A3-BD1C-4EF0-8F3E-46E5075FDD78}.Debug|iPhoneSimulator.ActiveCfg = Debug|iPhoneSimulator
		{112F53A3-BD1C-4EF0-8F3E-46E5075FDD78}.Debug|iPhoneSimulator.Build.0 = Debug|iPhoneSimulator
		{112F53A3-BD1C-4EF0-8F3E-46E5075FDD78}.Debug|x64.ActiveCfg = Debug|iPhoneSimulator
		{112F53A3-BD1C-4EF0-8F3E-46E5075FDD78}.Debug|x86.ActiveCfg = Debug|iPhoneSimulator
		{112F53A3-BD1C-4EF0-8F3E-46E5075FDD78}.Release|Any CPU.ActiveCfg = Release|iPhoneSimulator
		{112F53A3-BD1C-4EF0-8F3E-46E5075FDD78}.Release|ARM.ActiveCfg = Release|iPhoneSimulator
		{112F53A3-BD1C-4EF0-8F3E-46E5075FDD78}.Release|iPhone.ActiveCfg = Release|iPhone
		{112F53A3-BD1C-4EF0-8F3E-46E5075FDD78}.Release|iPhone.Build.0 = Release|iPhone
		{112F53A3-BD1C-4EF0-8F3E-46E5075FDD78}.Release|iPhoneSimulator.ActiveCfg = Release|iPhoneSimulator
		{112F53A3-BD1C-4EF0-8F3E-46E5075FDD78}.Release|iPhoneSimulator.Build.0 = Release|iPhoneSimulator
		{112F53A3-BD1C-4EF0-8F3E-46E5075FDD78}.Release|x64.ActiveCfg = Release|iPhoneSimulator
		{112F53A3-BD1C-4EF0-8F3E-46E5075FDD78}.Release|x86.ActiveCfg = Release|iPhoneSimulator
		{765CDA7F-B091-46FD-A12D-EBC1B71F9EAF}.Debug|Any CPU.ActiveCfg = Debug|x86
		{765CDA7F-B091-46FD-A12D-EBC1B71F9EAF}.Debug|ARM.ActiveCfg = Debug|ARM
		{765CDA7F-B091-46FD-A12D-EBC1B71F9EAF}.Debug|ARM.Build.0 = Debug|ARM
		{765CDA7F-B091-46FD-A12D-EBC1B71F9EAF}.Debug|ARM.Deploy.0 = Debug|ARM
		{765CDA7F-B091-46FD-A12D-EBC1B71F9EAF}.Debug|iPhone.ActiveCfg = Debug|x86
		{765CDA7F-B091-46FD-A12D-EBC1B71F9EAF}.Debug|iPhoneSimulator.ActiveCfg = Debug|x86
		{765CDA7F-B091-46FD-A12D-EBC1B71F9EAF}.Debug|x64.ActiveCfg = Debug|x64
		{765CDA7F-B091-46FD-A12D-EBC1B71F9EAF}.Debug|x64.Build.0 = Debug|x64
		{765CDA7F-B091-46FD-A12D-EBC1B71F9EAF}.Debug|x64.Deploy.0 = Debug|x64
		{765CDA7F-B091-46FD-A12D-EBC1B71F9EAF}.Debug|x86.ActiveCfg = Debug|x86
		{765CDA7F-B091-46FD-A12D-EBC1B71F9EAF}.Debug|x86.Build.0 = Debug|x86
		{765CDA7F-B091-46FD-A12D-EBC1B71F9EAF}.Debug|x86.Deploy.0 = Debug|x86
		{765CDA7F-B091-46FD-A12D-EBC1B71F9EAF}.Release|Any CPU.ActiveCfg = Release|x86
		{765CDA7F-B091-46FD-A12D-EBC1B71F9EAF}.Release|ARM.ActiveCfg = Release|ARM
		{765CDA7F-B091-46FD-A12D-EBC1B71F9EAF}.Release|ARM.Build.0 = Release|ARM
		{765CDA7F-B091-46FD-A12D-EBC1B71F9EAF}.Release|ARM.Deploy.0 = Release|ARM
		{765CDA7F-B091-46FD-A12D-EBC1B71F9EAF}.Release|iPhone.ActiveCfg = Release|x86
		{765CDA7F-B091-46FD-A12D-EBC1B71F9EAF}.Release|iPhoneSimulator.ActiveCfg = Release|x86
		{765CDA7F-B091-46FD-A12D-EBC1B71F9EAF}.Release|x64.ActiveCfg = Release|x64
		{765CDA7F-B091-46FD-A12D-EBC1B71F9EAF}.Release|x64.Build.0 = Release|x64
		{765CDA7F-B091-46FD-A12D-EBC1B71F9EAF}.Release|x64.Deploy.0 = Release|x64
		{765CDA7F-B091-46FD-A12D-EBC1B71F9EAF}.Release|x86.ActiveCfg = Release|x86
		{765CDA7F-B091-46FD-A12D-EBC1B71F9EAF}.Release|x86.Build.0 = Release|x86
		{765CDA7F-B091-46FD-A12D-EBC1B71F9EAF}.Release|x86.Deploy.0 = Release|x86
	EndGlobalSection
	GlobalSection(SolutionProperties) = preSolution
		HideSolutionNode = FALSE
	EndGlobalSection
	GlobalSection(NestedProjects) = preSolution
		{698F36E4-030D-4E00-8E46-A32EB8757A35} = {C3A384D5-5AB9-4724-ADF2-A0C405724BEB}
		{8B1D98FA-476F-4914-9D82-463FE9C77952} = {C3A384D5-5AB9-4724-ADF2-A0C405724BEB}
		{112F53A3-BD1C-4EF0-8F3E-46E5075FDD78} = {C3A384D5-5AB9-4724-ADF2-A0C405724BEB}
		{765CDA7F-B091-46FD-A12D-EBC1B71F9EAF} = {C3A384D5-5AB9-4724-ADF2-A0C405724BEB}
	EndGlobalSection
	GlobalSection(ExtensibilityGlobals) = postSolution
		SolutionGuid = {D6FE835E-9CD2-418E-8645-E0D4B6567A69}
	EndGlobalSection
EndGlobal
